
Microsoft Visual Studio Solution File, Format Version 12.00
# 
Project("{FAE04EC0-301F-11D3-BF4B-00C04F79EFBC}") = "Cli", "Cli\Cli.csproj", "{364A525E-36AD-40CF-B3A9-2F1C0518B85A}"
EndProject
Project("{FAE04EC0-301F-11D3-BF4B-00C04F79EFBC}") = "Invoices", "Invoices\Invoices.csproj", "{DBF8BA49-ABE4-495B-A111-24E0999A6E2F}"
EndProject
Project("{FAE04EC0-301F-11D3-BF4B-00C04F79EFBC}") = "Utilities", "Utilities\Utilities.csproj", "{57647BB8-8EAB-4FFF-B4DD-9F04B0F20C91}"
EndProject
Project("{FAE04EC0-301F-11D3-BF4B-00C04F79EFBC}") = "Utilities.Tests", "Utilities.Tests\Utilities.Tests.csproj", "{B8E47BB8-8EAB-4FFF-B4DD-9F04B0F20C92}"
EndProject
Project("{FAE04EC0-301F-11D3-BF4B-00C04F79EFBC}") = "Accounting", "Accounting\Accounting.csproj", "{CD33EE38-6925-472B-8CF5-4B6C7F9DEF3D}"
EndProject
Project("{FAE04EC0-301F-11D3-BF4B-00C04F79EFBC}") = "Invoices.Tests", "Invoices.Tests\Invoices.Tests.csproj", "{F214EE45-43BD-40B9-A173-5D62703BE5F9}"
EndProject
Project("{FAE04EC0-301F-11D3-BF4B-00C04F79EFBC}") = "Storage", "Storage\Storage.csproj", "{2E0115B5-A046-4766-994B-DBD413C3A751}"
EndProject
Project("{FAE04EC0-301F-11D3-BF4B-00C04F79EFBC}") = "Storage.Tests", "Storage.Tests\Storage.Tests.csproj", "{BC7694AC-B2CF-429C-A89A-6BDF6B93522F}"
EndProject
Project("{FAE04EC0-301F-11D3-BF4B-00C04F79EFBC}") = "Accounting.Tests", "Accounting.Tests\Accounting.Tests.csproj", "{69549B58-F18B-434F-9C9D-951DB5353CD9}"
EndProject
Project("{FAE04EC0-301F-11D3-BF4B-00C04F79EFBC}") = "Configuration", "Configuration\Configuration.csproj", "{78FA9989-CF90-4CEA-9D34-710943157B95}"
EndProject
Project("{FAE04EC0-301F-11D3-BF4B-00C04F79EFBC}") = "Database", "Database\Database.csproj", "{54E784C7-1DCF-47BF-8BE8-54F5E2F98936}"
EndProject
Project("{FAE04EC0-301F-11D3-BF4B-00C04F79EFBC}") = "Database.Tests", "Database.Tests\Database.Tests.csproj", "{644A802B-D457-4F29-B63F-79058BA3EF7E}"
EndProject
Project("{FAE04EC0-301F-11D3-BF4B-00C04F79EFBC}") = "ChromiumFetcher", "ChromiumFetcher\ChromiumFetcher.csproj", "{E3EF5D92-65A1-49BC-ACA6-893536DCCB94}"
EndProject
Project("{FAE04EC0-301F-11D3-BF4B-00C04F79EFBC}") = "Configuration.Tests", "Configuration.Tests\Configuration.Tests.csproj", "{55DFEEE4-7756-4AF5-895F-39F42BC926D5}"
EndProject
Project("{FAE04EC0-301F-11D3-BF4B-00C04F79EFBC}") = "CliTools", "CliTools\CliTools.csproj", "{A1B2C3D4-E5F6-7890-ABCD-EF1234567890}"
EndProject
Global
	GlobalSection(SolutionConfigurationPlatforms) = preSolution
		Debug|Any CPU = Debug|Any CPU
		Release|Any CPU = Release|Any CPU
	EndGlobalSection
	GlobalSection(ProjectConfigurationPlatforms) = postSolution
		{364A525E-36AD-40CF-B3A9-2F1C0518B85A}.Debug|Any CPU.ActiveCfg = Debug|Any CPU
		{364A525E-36AD-40CF-B3A9-2F1C0518B85A}.Debug|Any CPU.Build.0 = Debug|Any CPU
		{364A525E-36AD-40CF-B3A9-2F1C0518B85A}.Release|Any CPU.ActiveCfg = Release|Any CPU
		{364A525E-36AD-40CF-B3A9-2F1C0518B85A}.Release|Any CPU.Build.0 = Release|Any CPU
		{DBF8BA49-ABE4-495B-A111-24E0999A6E2F}.Debug|Any CPU.ActiveCfg = Debug|Any CPU
		{DBF8BA49-ABE4-495B-A111-24E0999A6E2F}.Debug|Any CPU.Build.0 = Debug|Any CPU
		{DBF8BA49-ABE4-495B-A111-24E0999A6E2F}.Release|Any CPU.ActiveCfg = Release|Any CPU
		{DBF8BA49-ABE4-495B-A111-24E0999A6E2F}.Release|Any CPU.Build.0 = Release|Any CPU
		{57647BB8-8EAB-4FFF-B4DD-9F04B0F20C91}.Debug|Any CPU.ActiveCfg = Debug|Any CPU
		{57647BB8-8EAB-4FFF-B4DD-9F04B0F20C91}.Debug|Any CPU.Build.0 = Debug|Any CPU
		{57647BB8-8EAB-4FFF-B4DD-9F04B0F20C91}.Release|Any CPU.ActiveCfg = Release|Any CPU
		{57647BB8-8EAB-4FFF-B4DD-9F04B0F20C91}.Release|Any CPU.Build.0 = Release|Any CPU
		{B8E47BB8-8EAB-4FFF-B4DD-9F04B0F20C92}.Debug|Any CPU.ActiveCfg = Debug|Any CPU
		{B8E47BB8-8EAB-4FFF-B4DD-9F04B0F20C92}.Debug|Any CPU.Build.0 = Debug|Any CPU
		{B8E47BB8-8EAB-4FFF-B4DD-9F04B0F20C92}.Release|Any CPU.ActiveCfg = Release|Any CPU
		{B8E47BB8-8EAB-4FFF-B4DD-9F04B0F20C92}.Release|Any CPU.Build.0 = Release|Any CPU
		{CD33EE38-6925-472B-8CF5-4B6C7F9DEF3D}.Debug|Any CPU.ActiveCfg = Debug|Any CPU
		{CD33EE38-6925-472B-8CF5-4B6C7F9DEF3D}.Debug|Any CPU.Build.0 = Debug|Any CPU
		{CD33EE38-6925-472B-8CF5-4B6C7F9DEF3D}.Release|Any CPU.ActiveCfg = Release|Any CPU
		{CD33EE38-6925-472B-8CF5-4B6C7F9DEF3D}.Release|Any CPU.Build.0 = Release|Any CPU
		{F214EE45-43BD-40B9-A173-5D62703BE5F9}.Debug|Any CPU.ActiveCfg = Debug|Any CPU
		{F214EE45-43BD-40B9-A173-5D62703BE5F9}.Debug|Any CPU.Build.0 = Debug|Any CPU
		{F214EE45-43BD-40B9-A173-5D62703BE5F9}.Release|Any CPU.ActiveCfg = Release|Any CPU
		{F214EE45-43BD-40B9-A173-5D62703BE5F9}.Release|Any CPU.Build.0 = Release|Any CPU
		{2E0115B5-A046-4766-994B-DBD413C3A751}.Debug|Any CPU.ActiveCfg = Debug|Any CPU
		{2E0115B5-A046-4766-994B-DBD413C3A751}.Debug|Any CPU.Build.0 = Debug|Any CPU
		{2E0115B5-A046-4766-994B-DBD413C3A751}.Release|Any CPU.ActiveCfg = Release|Any CPU
		{2E0115B5-A046-4766-994B-DBD413C3A751}.Release|Any CPU.Build.0 = Release|Any CPU
		{BC7694AC-B2CF-429C-A89A-6BDF6B93522F}.Debug|Any CPU.ActiveCfg = Debug|Any CPU
		{BC7694AC-B2CF-429C-A89A-6BDF6B93522F}.Debug|Any CPU.Build.0 = Debug|Any CPU
		{BC7694AC-B2CF-429C-A89A-6BDF6B93522F}.Release|Any CPU.ActiveCfg = Release|Any CPU
		{BC7694AC-B2CF-429C-A89A-6BDF6B93522F}.Release|Any CPU.Build.0 = Release|Any CPU
		{69549B58-F18B-434F-9C9D-951DB5353CD9}.Debug|Any CPU.ActiveCfg = Debug|Any CPU
		{69549B58-F18B-434F-9C9D-951DB5353CD9}.Debug|Any CPU.Build.0 = Debug|Any CPU
		{69549B58-F18B-434F-9C9D-951DB5353CD9}.Release|Any CPU.ActiveCfg = Release|Any CPU
		{69549B58-F18B-434F-9C9D-951DB5353CD9}.Release|Any CPU.Build.0 = Release|Any CPU
		{78FA9989-CF90-4CEA-9D34-710943157B95}.Debug|Any CPU.ActiveCfg = Debug|Any CPU
		{78FA9989-CF90-4CEA-9D34-710943157B95}.Debug|Any CPU.Build.0 = Debug|Any CPU
		{78FA9989-CF90-4CEA-9D34-710943157B95}.Release|Any CPU.ActiveCfg = Release|Any CPU
		{78FA9989-CF90-4CEA-9D34-710943157B95}.Release|Any CPU.Build.0 = Release|Any CPU
		{54E784C7-1DCF-47BF-8BE8-54F5E2F98936}.Debug|Any CPU.ActiveCfg = Debug|Any CPU
		{54E784C7-1DCF-47BF-8BE8-54F5E2F98936}.Debug|Any CPU.Build.0 = Debug|Any CPU
		{54E784C7-1DCF-47BF-8BE8-54F5E2F98936}.Release|Any CPU.ActiveCfg = Release|Any CPU
		{54E784C7-1DCF-47BF-8BE8-54F5E2F98936}.Release|Any CPU.Build.0 = Release|Any CPU
		{644A802B-D457-4F29-B63F-79058BA3EF7E}.Debug|Any CPU.ActiveCfg = Debug|Any CPU
		{644A802B-D457-4F29-B63F-79058BA3EF7E}.Debug|Any CPU.Build.0 = Debug|Any CPU
		{644A802B-D457-4F29-B63F-79058BA3EF7E}.Release|Any CPU.ActiveCfg = Release|Any CPU
		{644A802B-D457-4F29-B63F-79058BA3EF7E}.Release|Any CPU.Build.0 = Release|Any CPU
		{E3EF5D92-65A1-49BC-ACA6-893536DCCB94}.Debug|Any CPU.ActiveCfg = Debug|Any CPU
		{E3EF5D92-65A1-49BC-ACA6-893536DCCB94}.Debug|Any CPU.Build.0 = Debug|Any CPU
		{E3EF5D92-65A1-49BC-ACA6-893536DCCB94}.Release|Any CPU.ActiveCfg = Release|Any CPU
		{E3EF5D92-65A1-49BC-ACA6-893536DCCB94}.Release|Any CPU.Build.0 = Release|Any CPU
		{55DFEEE4-7756-4AF5-895F-39F42BC926D5}.Debug|Any CPU.ActiveCfg = Debug|Any CPU
		{55DFEEE4-7756-4AF5-895F-39F42BC926D5}.Debug|Any CPU.Build.0 = Debug|Any CPU
		{55DFEEE4-7756-4AF5-895F-39F42BC926D5}.Release|Any CPU.ActiveCfg = Release|Any CPU
		{55DFEEE4-7756-4AF5-895F-39F42BC926D5}.Release|Any CPU.Build.0 = Release|Any CPU
		{A1B2C3D4-E5F6-7890-ABCD-EF1234567890}.Debug|Any CPU.ActiveCfg = Debug|Any CPU
		{A1B2C3D4-E5F6-7890-ABCD-EF1234567890}.Debug|Any CPU.Build.0 = Debug|Any CPU
		{A1B2C3D4-E5F6-7890-ABCD-EF1234567890}.Release|Any CPU.ActiveCfg = Release|Any CPU
		{A1B2C3D4-E5F6-7890-ABCD-EF1234567890}.Release|Any CPU.Build.0 = Release|Any CPU
	EndGlobalSection
EndGlobal
